<?xml version="1.0" encoding="utf-8"?>
<Project ToolsVersion="4.0" xmlns="http://schemas.microsoft.com/developer/msbuild/2003">
  <ItemGroup>
    <Filter Include="Source Files">
      <UniqueIdentifier>{4FC737F1-C7A5-4376-A066-2A32D752A2FF}</UniqueIdentifier>
      <Extensions>cpp;c;cc;cxx;c++;cppm;ixx;def;odl;idl;hpj;bat;asm;asmx</Extensions>
    </Filter>
    <Filter Include="Header Files">
      <UniqueIdentifier>{93995380-89BD-4b04-88EB-625FBE52EBFB}</UniqueIdentifier>
      <Extensions>h;hh;hpp;hxx;h++;hm;inl;inc;ipp;xsd</Extensions>
    </Filter>
    <Filter Include="Resource Files">
      <UniqueIdentifier>{67DA6AB6-F800-4c08-8B7A-83BB121AAD01}</UniqueIdentifier>
      <Extensions>rc;ico;cur;bmp;dlg;rc2;rct;bin;rgs;gif;jpg;jpeg;jpe;resx;tiff;tif;png;wav;mfcribbon-ms</Extensions>
    </Filter>
  </ItemGroup>
  <ItemGroup>
    <ClCompile Include="src\main.cpp">
      <Filter>Source Files</Filter>
    </ClCompile>
    <ClCompile Include="src\Controllers\AIController.cpp">
      <Filter>Source Files</Filter>
    </ClCompile>
    <ClCompile Include="src\Controllers\Controller.cpp">
      <Filter>Source Files</Filter>
    </ClCompile>
    <ClCompile Include="src\Controllers\KeyboardController.cpp">
      <Filter>Source Files</Filter>
    </ClCompile>
    <ClCompile Include="src\Constants\Constants.cpp">
      <Filter>Source Files</Filter>
    </ClCompile>
    <ClCompile Include="src\Utils\Time.cpp">
      <Filter>Source Files</Filter>
    </ClCompile>
    <ClCompile Include="src\Utils\Math.cpp">
      <Filter>Source Files</Filter>
    </ClCompile>
    <ClCompile Include="src\Entities\Ball.cpp">
      <Filter>Source Files</Filter>
    </ClCompile>
    <ClCompile Include="src\Entities\Paddle.cpp">
      <Filter>Source Files</Filter>
    </ClCompile>
    <ClCompile Include="src\Core\GameInstance.cpp">
      <Filter>Source Files</Filter>
    </ClCompile>
    <ClCompile Include="src\Core\Pong.cpp">
      <Filter>Source Files</Filter>
    </ClCompile>
    <ClCompile Include="src\Utils\Events\Dispatcher.cpp">
      <Filter>Source Files</Filter>
    </ClCompile>
    <ClCompile Include="src\Utils\StateMachine\StateMachine.cpp">
      <Filter>Source Files</Filter>
    </ClCompile>
    <ClCompile Include="src\Utils\StateMachine\BaseState.cpp">
      <Filter>Source Files</Filter>
    </ClCompile>
    <ClCompile Include="src\Utils\StateMachine\BaseCondition.cpp">
      <Filter>Source Files</Filter>
    </ClCompile>
    <ClCompile Include="src\Utils\StateMachine\StackedCondition.cpp">
      <Filter>Source Files</Filter>
    </ClCompile>
    <ClCompile Include="src\StateMachine\PongStateMachine.cpp">
      <Filter>Source Files</Filter>
    </ClCompile>
    <ClCompile Include="src\StateMachine\KeyPressedCondition.cpp">
      <Filter>Source Files</Filter>
    </ClCompile>
  </ItemGroup>
  <ItemGroup>
    <ClInclude Include="resource.h">
      <Filter>Header Files</Filter>
    </ClInclude>
    <ClInclude Include="src\Controllers\AIController.h">
      <Filter>Header Files</Filter>
    </ClInclude>
    <ClInclude Include="src\Controllers\Controller.h">
      <Filter>Header Files</Filter>
    </ClInclude>
    <ClInclude Include="src\Controllers\KeyboardController.h">
      <Filter>Header Files</Filter>
    </ClInclude>
    <ClInclude Include="src\Constants\Constants.h">
      <Filter>Header Files</Filter>
    </ClInclude>
    <ClInclude Include="src\Constants\Direction.h">
      <Filter>Header Files</Filter>
    </ClInclude>
    <ClInclude Include="src\Constants\Orientation.h">
      <Filter>Header Files</Filter>
    </ClInclude>
    <ClInclude Include="src\Utils\Math.h">
      <Filter>Header Files</Filter>
    </ClInclude>
    <ClInclude Include="src\Utils\Time.h">
      <Filter>Header Files</Filter>
    </ClInclude>
    <ClInclude Include="src\Entities\Ball.h">
      <Filter>Header Files</Filter>
    </ClInclude>
    <ClInclude Include="src\Entities\Paddle.h">
      <Filter>Header Files</Filter>
    </ClInclude>
    <ClInclude Include="src\Core\GameInstance.h">
      <Filter>Header Files</Filter>
    </ClInclude>
    <ClInclude Include="src\Core\Pong.h">
      <Filter>Header Files</Filter>
    </ClInclude>
    <ClInclude Include="src\Utils\Systems\Updatable.h">
      <Filter>Header Files</Filter>
    </ClInclude>
    <ClInclude Include="src\Utils\Events\Event.h">
      <Filter>Header Files</Filter>
    </ClInclude>
    <ClInclude Include="src\Utils\Events\Dispatcher.h">
      <Filter>Header Files</Filter>
    </ClInclude>
    <ClInclude Include="src\Utils\Events\GlobalEvents.h">
      <Filter>Header Files</Filter>
    </ClInclude>
    <ClInclude Include="src\Events\KeyReleasedEvent.h">
      <Filter>Header Files</Filter>
    </ClInclude>
    <ClInclude Include="src\Events\KeyPressedEvent.h">
      <Filter>Header Files</Filter>
    </ClInclude>
    <ClInclude Include="src\Utils\StateMachine\StateMachine.h">
      <Filter>Header Files</Filter>
    </ClInclude>
    <ClInclude Include="src\Utils\StateMachine\BaseState.h">
      <Filter>Header Files</Filter>
    </ClInclude>
    <ClInclude Include="src\Utils\StateMachine\BaseCondition.h">
      <Filter>Header Files</Filter>
    </ClInclude>
    <ClInclude Include="src\Utils\StateMachine\StackedCondition.h">
      <Filter>Header Files</Filter>
    </ClInclude>
    <ClInclude Include="src\StateMachine\PongStateMachine.h">
      <Filter>Header Files</Filter>
    </ClInclude>
    <ClInclude Include="src\StateMachine\KeyPressedCondition.h">
      <Filter>Header Files</Filter>
    </ClInclude>
    <ClInclude Include="src\Macros\Macros.h">
      <Filter>Header Files</Filter>
    </ClInclude>
  </ItemGroup>
  <ItemGroup>
    <ResourceCompile Include="SFMLPong.rc">
      <Filter>Resource Files</Filter>
    </ResourceCompile>
  </ItemGroup>
</Project>